Microsoft Visual Studio Solution File, Format Version 12.00
# Visual Studio 15
VisualStudioVersion = 15.0.27130.0
MinimumVisualStudioVersion = 15.0.26124.0
Project("{9A19103F-16F7-4668-BE54-9A1E7A4F7556}") = "Builders", "src\Builders.csproj", "{75194071-535D-412F-8D2D-7BBA2D659813}"
EndProject
Project("{9A19103F-16F7-4668-BE54-9A1E7A4F7556}") = "Builders.Tests", "tests\Builders.Tests.csproj", "{63A250B4-32A0-4249-A803-DD2AF9DCDDA1}"
EndProject
Project("{2150E333-8FDC-42A3-9474-1A3956D46DE8}") = "Solution Items", "Solution Items", "{A8676A65-88AC-4DFA-A537-0F132726C5CB}"
	ProjectSection(SolutionItems) = preProject
		.editorconfig = .editorconfig
		.travis.yml = .travis.yml
		appveyor.yml = appveyor.yml
		build.cmd = build.cmd
		build.sh = build.sh
		COPYING.txt = COPYING.txt
		global.json = global.json
		pack.cmd = pack.cmd
		pack.sh = pack.sh
		test.cmd = test.cmd
		test.sh = test.sh
	EndProjectSection
EndProject
Global
	GlobalSection(SolutionConfigurationPlatforms) = preSolution
		Debug|Any CPU = Debug|Any CPU
		Debug|x64 = Debug|x64
		Debug|x86 = Debug|x86
		Release|Any CPU = Release|Any CPU
		Release|x64 = Release|x64
		Release|x86 = Release|x86
	EndGlobalSection
	GlobalSection(ProjectConfigurationPlatforms) = postSolution
		{75194071-535D-412F-8D2D-7BBA2D659813}.Debug|Any CPU.ActiveCfg = Debug|Any CPU
		{75194071-535D-412F-8D2D-7BBA2D659813}.Debug|Any CPU.Build.0 = Debug|Any CPU
		{75194071-535D-412F-8D2D-7BBA2D659813}.Debug|x64.ActiveCfg = Debug|Any CPU
		{75194071-535D-412F-8D2D-7BBA2D659813}.Debug|x64.Build.0 = Debug|Any CPU
		{75194071-535D-412F-8D2D-7BBA2D659813}.Debug|x86.ActiveCfg = Debug|Any CPU
		{75194071-535D-412F-8D2D-7BBA2D659813}.Debug|x86.Build.0 = Debug|Any CPU
		{75194071-535D-412F-8D2D-7BBA2D659813}.Release|Any CPU.ActiveCfg = Release|Any CPU
		{75194071-535D-412F-8D2D-7BBA2D659813}.Release|Any CPU.Build.0 = Release|Any CPU
		{75194071-535D-412F-8D2D-7BBA2D659813}.Release|x64.ActiveCfg = Release|Any CPU
		{75194071-535D-412F-8D2D-7BBA2D659813}.Release|x64.Build.0 = Release|Any CPU
		{75194071-535D-412F-8D2D-7BBA2D659813}.Release|x86.ActiveCfg = Release|Any CPU
		{75194071-535D-412F-8D2D-7BBA2D659813}.Release|x86.Build.0 = Release|Any CPU
		{63A250B4-32A0-4249-A803-DD2AF9DCDDA1}.Debug|Any CPU.ActiveCfg = Debug|Any CPU
		{63A250B4-32A0-4249-A803-DD2AF9DCDDA1}.Debug|Any CPU.Build.0 = Debug|Any CPU
		{63A250B4-32A0-4249-A803-DD2AF9DCDDA1}.Debug|x64.ActiveCfg = Debug|Any CPU
		{63A250B4-32A0-4249-A803-DD2AF9DCDDA1}.Debug|x64.Build.0 = Debug|Any CPU
		{63A250B4-32A0-4249-A803-DD2AF9DCDDA1}.Debug|x86.ActiveCfg = Debug|Any CPU
		{63A250B4-32A0-4249-A803-DD2AF9DCDDA1}.Debug|x86.Build.0 = Debug|Any CPU
		{63A250B4-32A0-4249-A803-DD2AF9DCDDA1}.Release|Any CPU.ActiveCfg = Release|Any CPU
		{63A250B4-32A0-4249-A803-DD2AF9DCDDA1}.Release|Any CPU.Build.0 = Release|Any CPU
		{63A250B4-32A0-4249-A803-DD2AF9DCDDA1}.Release|x64.ActiveCfg = Release|Any CPU
		{63A250B4-32A0-4249-A803-DD2AF9DCDDA1}.Release|x64.Build.0 = Release|Any CPU
		{63A250B4-32A0-4249-A803-DD2AF9DCDDA1}.Release|x86.ActiveCfg = Release|Any CPU
		{63A250B4-32A0-4249-A803-DD2AF9DCDDA1}.Release|x86.Build.0 = Release|Any CPU
	EndGlobalSection
	GlobalSection(SolutionProperties) = preSolution
		HideSolutionNode = FALSE
	EndGlobalSection
	GlobalSection(ExtensibilityGlobals) = postSolution
		SolutionGuid = {809599F7-546B-4563-A2C6-F718F513457F}
	EndGlobalSection
EndGlobal
